
Microsoft Visual Studio Solution File, Format Version 12.00
# Visual Studio Version 17
VisualStudioVersion = 17.4.33205.214
MinimumVisualStudioVersion = 10.0.40219.1
Project("{FAE04EC0-301F-11D3-BF4B-00C04F79EFBC}") = "graphql", "graphql\graphql.csproj", "{42882590-5616-4554-BC9B-A7802F6B3683}"
EndProject
Global
	GlobalSection(SolutionConfigurationPlatforms) = preSolution
		Debug|Any CPU = Debug|Any CPU
		Release|Any CPU = Release|Any CPU
	EndGlobalSection
	GlobalSection(ProjectConfigurationPlatforms) = postSolution
		{42882590-5616-4554-BC9B-A7802F6B3683}.Debug|Any CPU.ActiveCfg = Debug|Any CPU
		{42882590-5616-4554-BC9B-A7802F6B3683}.Debug|Any CPU.Build.0 = Debug|Any CPU
		{42882590-5616-4554-BC9B-A7802F6B3683}.Release|Any CPU.ActiveCfg = Release|Any CPU
		{42882590-5616-4554-BC9B-A7802F6B3683}.Release|Any CPU.Build.0 = Release|Any CPU
	EndGlobalSection
	GlobalSection(SolutionProperties) = preSolution
		HideSolutionNode = FALSE
	EndGlobalSection
	GlobalSection(ExtensibilityGlobals) = postSolution
		SolutionGuid = {26CC17F2-E3E1-4629-B595-F50F5D1EAC2A}
	EndGlobalSection
EndGlobal
